
Microsoft Visual Studio Solution File, Format Version 12.00
# Visual Studio Version 17
VisualStudioVersion = 17.4.33213.308
MinimumVisualStudioVersion = 10.0.40219.1
Project("{FAE04EC0-301F-11D3-BF4B-00C04F79EFBC}") = "MVCFormValidationProj", "MVCFormValidationProj\MVCFormValidationProj.csproj", "{5774CD05-CEC5-4C49-BB68-C233ED1852F5}"
EndProject
Global
	GlobalSection(SolutionConfigurationPlatforms) = preSolution
		Debug|Any CPU = Debug|Any CPU
		Release|Any CPU = Release|Any CPU
	EndGlobalSection
	GlobalSection(ProjectConfigurationPlatforms) = postSolution
		{5774CD05-CEC5-4C49-BB68-C233ED1852F5}.Debug|Any CPU.ActiveCfg = Debug|Any CPU
		{5774CD05-CEC5-4C49-BB68-C233ED1852F5}.Debug|Any CPU.Build.0 = Debug|Any CPU
		{5774CD05-CEC5-4C49-BB68-C233ED1852F5}.Release|Any CPU.ActiveCfg = Release|Any CPU
		{5774CD05-CEC5-4C49-BB68-C233ED1852F5}.Release|Any CPU.Build.0 = Release|Any CPU
	EndGlobalSection
	GlobalSection(SolutionProperties) = preSolution
		HideSolutionNode = FALSE
	EndGlobalSection
	GlobalSection(ExtensibilityGlobals) = postSolution
		SolutionGuid = {8EDC0A84-79B1-457F-9E46-A864EEDD211F}
	EndGlobalSection
EndGlobal
